
Microsoft Visual Studio Solution File, Format Version 12.00
# Visual Studio 2013
Project("{FAE04EC0-301F-11D3-BF4B-00C04F79EFBC}") = "UnityVS.Dark Dash N Bash 3D.CSharp", "UnityVS.Dark Dash N Bash 3D.CSharp.csproj", "{E9E960F0-B270-28C7-DEF9-497A0B9F9213}"
EndProject
Project("{FAE04EC0-301F-11D3-BF4B-00C04F79EFBC}") = "UnityVS.Dark Dash N Bash 3D.CSharp.Editor", "UnityVS.Dark Dash N Bash 3D.CSharp.Editor.csproj", "{B3AFB2F7-930E-0079-77E5-08014BE39BA5}"
EndProject
Global
	GlobalSection(SolutionConfigurationPlatforms) = preSolution
		Debug|Any CPU = Debug|Any CPU
		Release|Any CPU = Release|Any CPU
	EndGlobalSection
	GlobalSection(ProjectConfigurationPlatforms) = postSolution
		{E9E960F0-B270-28C7-DEF9-497A0B9F9213}.Debug|Any CPU.ActiveCfg = Debug|Any CPU
		{E9E960F0-B270-28C7-DEF9-497A0B9F9213}.Debug|Any CPU.Build.0 = Debug|Any CPU
		{E9E960F0-B270-28C7-DEF9-497A0B9F9213}.Release|Any CPU.ActiveCfg = Release|Any CPU
		{E9E960F0-B270-28C7-DEF9-497A0B9F9213}.Release|Any CPU.Build.0 = Release|Any CPU
		{B3AFB2F7-930E-0079-77E5-08014BE39BA5}.Debug|Any CPU.ActiveCfg = Debug|Any CPU
		{B3AFB2F7-930E-0079-77E5-08014BE39BA5}.Debug|Any CPU.Build.0 = Debug|Any CPU
		{B3AFB2F7-930E-0079-77E5-08014BE39BA5}.Release|Any CPU.ActiveCfg = Release|Any CPU
		{B3AFB2F7-930E-0079-77E5-08014BE39BA5}.Release|Any CPU.Build.0 = Release|Any CPU
	EndGlobalSection
	GlobalSection(SolutionProperties) = preSolution
		HideSolutionNode = FALSE
	EndGlobalSection
EndGlobal
